{
  "name": "ldv",
  "lockfileVersion": 2,
  "requires": true,
  "packages": {
    "": {
      "dependencies": {
        "moment": "^2.29.1",
        "v-calendar": "^2.0.2",
        "vue2-datepicker": "^2.11.2"
      }
    },
    "node_modules/@popperjs/core": {
      "version": "2.5.4",
      "resolved": "https://registry.npmjs.org/@popperjs/core/-/core-2.5.4.tgz",
      "integrity": "sha512-ZpKr+WTb8zsajqgDkvCEWgp6d5eJT6Q63Ng2neTbzBO76Lbe91vX/iVIW9dikq+Fs3yEo+ls4cxeXABD2LtcbQ==",
      "peer": true,
      "funding": {
        "type": "opencollective",
        "url": "https://opencollective.com/popperjs"
      }
    },
    "node_modules/core-js": {
      "version": "3.7.0",
      "resolved": "https://registry.npmjs.org/core-js/-/core-js-3.7.0.tgz",
      "integrity": "sha512-NwS7fI5M5B85EwpWuIwJN4i/fbisQUwLwiSNUWeXlkAZ0sbBjLEvLvFLf1uzAUV66PcEPt4xCGCmOZSxVf3xzA==",
      "hasInstallScript": true,
      "funding": {
        "type": "opencollective",
        "url": "https://opencollective.com/core-js"
      }
    },
    "node_modules/date-fns": {
      "version": "2.16.1",
      "resolved": "https://registry.npmjs.org/date-fns/-/date-fns-2.16.1.tgz",
      "integrity": "sha512-sAJVKx/FqrLYHAQeN7VpJrPhagZc9R4ImZIWYRFZaaohR3KzmuK88touwsSwSVT8Qcbd4zoDsnGfX4GFB4imyQ==",
      "engines": {
        "node": ">=0.11"
      },
      "funding": {
        "type": "opencollective",
        "url": "https://opencollective.com/date-fns"
      }
    },
    "node_modules/date-fns-tz": {
      "version": "1.0.12",
      "resolved": "https://registry.npmjs.org/date-fns-tz/-/date-fns-tz-1.0.12.tgz",
      "integrity": "sha512-Ca+9pjGkU90XDHnclfSjz9o7g/ZqyYyYI0aCYmbf65P75oy8gktuaRslO3UPXl3ADgAnF9/KCykQkpU3/xvtWQ==",
      "peerDependencies": {
        "date-fns": ">=2.0.0-alpha.13"
      }
    },
    "node_modules/fecha": {
      "version": "2.3.3",
      "resolved": "https://registry.npmjs.org/fecha/-/fecha-2.3.3.tgz",
      "integrity": "sha512-lUGBnIamTAwk4znq5BcqsDaxSmZ9nDVJaij6NvRt/Tg4R69gERA+otPKbS86ROw9nxVMw2/mp1fnaiWqbs6Sdg=="
    },
    "node_modules/lodash": {
      "version": "4.17.20",
      "resolved": "https://registry.npmjs.org/lodash/-/lodash-4.17.20.tgz",
      "integrity": "sha512-PlhdFcillOINfeV7Ni6oF1TAEayyZBoZ8bcshTHqOYJYlrqzRK5hagpagky5o4HfCzzd1TRkXPMFq6cKk9rGmA=="
    },
    "node_modules/moment": {
      "version": "2.29.1",
      "resolved": "https://registry.npmjs.org/moment/-/moment-2.29.1.tgz",
      "integrity": "sha512-kHmoybcPV8Sqy59DwNDY3Jefr64lK/by/da0ViFcuA4DH0vQg5Q6Ze5VimxkfQNSC+Mls/Kx53s7TjP1RhFEDQ==",
      "engines": {
        "node": "*"
      }
    },
    "node_modules/v-calendar": {
      "version": "2.0.2",
      "resolved": "https://registry.npmjs.org/v-calendar/-/v-calendar-2.0.2.tgz",
      "integrity": "sha512-Nd7qd0JHrFAof+7Oyp3x2mmXC2kBd0VSsNFTvcjwlUqmKRlyXbIaS6rN7T9+Sd3FBcYX052MgCkVRInumjebMg==",
      "dependencies": {
        "core-js": "^3.6.5",
        "date-fns": "^2.8.1",
        "date-fns-tz": "^1.0.12",
        "lodash": "^4.17.15"
      },
      "peerDependencies": {
        "@popperjs/core": "^2.4.0",
        "vue": "^2.5.18"
      }
    },
    "node_modules/vue": {
      "version": "2.6.12",
      "resolved": "https://registry.npmjs.org/vue/-/vue-2.6.12.tgz",
      "integrity": "sha512-uhmLFETqPPNyuLLbsKz6ioJ4q7AZHzD8ZVFNATNyICSZouqP2Sz0rotWQC8UNBF6VGSCs5abnKJoStA6JbCbfg==",
      "peer": true
    },
    "node_modules/vue2-datepicker": {
      "version": "2.11.2",
      "resolved": "https://registry.npmjs.org/vue2-datepicker/-/vue2-datepicker-2.11.2.tgz",
      "integrity": "sha512-xGyIN5pMMdaKMnndSrzqW6LDST/e7PHcFt2uIp73OOMZMDAlhEmzroNtoYBwJEEzKnCNMo+ktcykgYljrE8y8Q==",
      "dependencies": {
        "fecha": "^2.3.3"
      },
      "peerDependencies": {
        "vue": ">=2.4.0"
      }
    }
  },
  "dependencies": {
    "@popperjs/core": {
      "version": "2.5.4",
      "resolved": "https://registry.npmjs.org/@popperjs/core/-/core-2.5.4.tgz",
      "integrity": "sha512-ZpKr+WTb8zsajqgDkvCEWgp6d5eJT6Q63Ng2neTbzBO76Lbe91vX/iVIW9dikq+Fs3yEo+ls4cxeXABD2LtcbQ==",
      "peer": true
    },
    "core-js": {
      "version": "3.7.0",
      "resolved": "https://registry.npmjs.org/core-js/-/core-js-3.7.0.tgz",
      "integrity": "sha512-NwS7fI5M5B85EwpWuIwJN4i/fbisQUwLwiSNUWeXlkAZ0sbBjLEvLvFLf1uzAUV66PcEPt4xCGCmOZSxVf3xzA=="
    },
    "date-fns": {
      "version": "2.16.1",
      "resolved": "https://registry.npmjs.org/date-fns/-/date-fns-2.16.1.tgz",
      "integrity": "sha512-sAJVKx/FqrLYHAQeN7VpJrPhagZc9R4ImZIWYRFZaaohR3KzmuK88touwsSwSVT8Qcbd4zoDsnGfX4GFB4imyQ=="
    },
    "date-fns-tz": {
      "version": "1.0.12",
      "resolved": "https://registry.npmjs.org/date-fns-tz/-/date-fns-tz-1.0.12.tgz",
      "integrity": "sha512-Ca+9pjGkU90XDHnclfSjz9o7g/ZqyYyYI0aCYmbf65P75oy8gktuaRslO3UPXl3ADgAnF9/KCykQkpU3/xvtWQ==",
      "requires": {}
    },
    "fecha": {
      "version": "2.3.3",
      "resolved": "https://registry.npmjs.org/fecha/-/fecha-2.3.3.tgz",
      "integrity": "sha512-lUGBnIamTAwk4znq5BcqsDaxSmZ9nDVJaij6NvRt/Tg4R69gERA+otPKbS86ROw9nxVMw2/mp1fnaiWqbs6Sdg=="
    },
    "lodash": {
      "version": "4.17.20",
      "resolved": "https://registry.npmjs.org/lodash/-/lodash-4.17.20.tgz",
      "integrity": "sha512-PlhdFcillOINfeV7Ni6oF1TAEayyZBoZ8bcshTHqOYJYlrqzRK5hagpagky5o4HfCzzd1TRkXPMFq6cKk9rGmA=="
    },
    "moment": {
      "version": "2.29.1",
      "resolved": "https://registry.npmjs.org/moment/-/moment-2.29.1.tgz",
      "integrity": "sha512-kHmoybcPV8Sqy59DwNDY3Jefr64lK/by/da0ViFcuA4DH0vQg5Q6Ze5VimxkfQNSC+Mls/Kx53s7TjP1RhFEDQ=="
    },
    "v-calendar": {
      "version": "2.0.2",
      "resolved": "https://registry.npmjs.org/v-calendar/-/v-calendar-2.0.2.tgz",
      "integrity": "sha512-Nd7qd0JHrFAof+7Oyp3x2mmXC2kBd0VSsNFTvcjwlUqmKRlyXbIaS6rN7T9+Sd3FBcYX052MgCkVRInumjebMg==",
      "requires": {
        "core-js": "^3.6.5",
        "date-fns": "^2.8.1",
        "date-fns-tz": "^1.0.12",
        "lodash": "^4.17.15"
      }
    },
    "vue": {
      "version": "2.6.12",
      "resolved": "https://registry.npmjs.org/vue/-/vue-2.6.12.tgz",
      "integrity": "sha512-uhmLFETqPPNyuLLbsKz6ioJ4q7AZHzD8ZVFNATNyICSZouqP2Sz0rotWQC8UNBF6VGSCs5abnKJoStA6JbCbfg==",
      "peer": true
    },
    "vue2-datepicker": {
      "version": "2.11.2",
      "resolved": "https://registry.npmjs.org/vue2-datepicker/-/vue2-datepicker-2.11.2.tgz",
      "integrity": "sha512-xGyIN5pMMdaKMnndSrzqW6LDST/e7PHcFt2uIp73OOMZMDAlhEmzroNtoYBwJEEzKnCNMo+ktcykgYljrE8y8Q==",
      "requires": {
        "fecha": "^2.3.3"
      }
    }
  }
}
