# THIS IS AN AUTOGENERATED FILE. DO NOT EDIT THIS FILE DIRECTLY.
# yarn lockfile v1


fecha@^2.3.3:
  version "2.3.3"
  resolved "https://registry.yarnpkg.com/fecha/-/fecha-2.3.3.tgz#948e74157df1a32fd1b12c3a3c3cdcb6ec9d96cd"
  integrity sha512-lUGBnIamTAwk4znq5BcqsDaxSmZ9nDVJaij6NvRt/Tg4R69gERA+otPKbS86ROw9nxVMw2/mp1fnaiWqbs6Sdg==

vue2-datepicker@^2.11.2:
  version "2.11.2"
  resolved "https://registry.yarnpkg.com/vue2-datepicker/-/vue2-datepicker-2.11.2.tgz#535aa55c32813edc2be689cbe940305b83354195"
  integrity sha512-xGyIN5pMMdaKMnndSrzqW6LDST/e7PHcFt2uIp73OOMZMDAlhEmzroNtoYBwJEEzKnCNMo+ktcykgYljrE8y8Q==
  dependencies:
    fecha "^2.3.3"
